
Microsoft Visual Studio Solution File, Format Version 12.00
# Visual Studio Version 17
VisualStudioVersion = 17.1.32210.238
MinimumVisualStudioVersion = 10.0.40219.1
Project("{FAE04EC0-301F-11D3-BF4B-00C04F79EFBC}") = "Book Store Project", "Book Store Project\Book Store Project.csproj", "{8FCF35D3-2027-4353-9B0C-C0F653B8C975}"
EndProject
Global
	GlobalSection(SolutionConfigurationPlatforms) = preSolution
		Debug|Any CPU = Debug|Any CPU
		Release|Any CPU = Release|Any CPU
	EndGlobalSection
	GlobalSection(ProjectConfigurationPlatforms) = postSolution
		{8FCF35D3-2027-4353-9B0C-C0F653B8C975}.Debug|Any CPU.ActiveCfg = Debug|Any CPU
		{8FCF35D3-2027-4353-9B0C-C0F653B8C975}.Debug|Any CPU.Build.0 = Debug|Any CPU
		{8FCF35D3-2027-4353-9B0C-C0F653B8C975}.Release|Any CPU.ActiveCfg = Release|Any CPU
		{8FCF35D3-2027-4353-9B0C-C0F653B8C975}.Release|Any CPU.Build.0 = Release|Any CPU
	EndGlobalSection
	GlobalSection(SolutionProperties) = preSolution
		HideSolutionNode = FALSE
	EndGlobalSection
	GlobalSection(ExtensibilityGlobals) = postSolution
		SolutionGuid = {5CF5CF27-0A09-4F9E-937C-B91585DF2377}
	EndGlobalSection
EndGlobal
